// !$*UTF8*$!
{
	archiveVersion = 1;
	classes = {
	};
	objectVersion = 56;
	objects = {

/* Begin PBXBuildFile section */
		34CDF3142B718F78006FA2BA /* Exercise1Feb5App.swift in Sources */ = {isa = PBXBuildFile; fileRef = 34CDF3132B718F78006FA2BA /* Exercise1Feb5App.swift */; };
		34CDF3162B718F78006FA2BA /* ContentView.swift in Sources */ = {isa = PBXBuildFile; fileRef = 34CDF3152B718F78006FA2BA /* ContentView.swift */; };
		34CDF3182B718F7C006FA2BA /* Assets.xcassets in Resources */ = {isa = PBXBuildFile; fileRef = 34CDF3172B718F7C006FA2BA /* Assets.xcassets */; };
		34CDF31C2B718F7C006FA2BA /* Preview Assets.xcassets in Resources */ = {isa = PBXBuildFile; fileRef = 34CDF31B2B718F7C006FA2BA /* Preview Assets.xcassets */; };
		34CDF3262B718F7C006FA2BA /* Exercise1Feb5Tests.swift in Sources */ = {isa = PBXBuildFile; fileRef = 34CDF3252B718F7C006FA2BA /* Exercise1Feb5Tests.swift */; };
		34CDF3302B718F7C006FA2BA /* Exercise1Feb5UITests.swift in Sources */ = {isa = PBXBuildFile; fileRef = 34CDF32F2B718F7C006FA2BA /* Exercise1Feb5UITests.swift */; };
		34CDF3322B718F7C006FA2BA /* Exercise1Feb5UITestsLaunchTests.swift in Sources */ = {isa = PBXBuildFile; fileRef = 34CDF3312B718F7C006FA2BA /* Exercise1Feb5UITestsLaunchTests.swift */; };
/* End PBXBuildFile section */

/* Begin PBXContainerItemProxy section */
		34CDF3222B718F7C006FA2BA /* PBXContainerItemProxy */ = {
			isa = PBXContainerItemProxy;
			containerPortal = 34CDF3082B718F78006FA2BA /* Project object */;
			proxyType = 1;
			remoteGlobalIDString = 34CDF30F2B718F78006FA2BA;
			remoteInfo = Exercise1Feb5;
		};
		34CDF32C2B718F7C006FA2BA /* PBXContainerItemProxy */ = {
			isa = PBXContainerItemProxy;
			containerPortal = 34CDF3082B718F78006FA2BA /* Project object */;
			proxyType = 1;
			remoteGlobalIDString = 34CDF30F2B718F78006FA2BA;
			remoteInfo = Exercise1Feb5;
		};
/* End PBXContainerItemProxy section */

/* Begin PBXFileReference section */
		34CDF3102B718F78006FA2BA /* Exercise1Feb5.app */ = {isa = PBXFileReference; explicitFileType = wrapper.application; includeInIndex = 0; path = Exercise1Feb5.app; sourceTree = BUILT_PRODUCTS_DIR; };
		34CDF3132B718F78006FA2BA /* Exercise1Feb5App.swift */ = {isa = PBXFileReference; lastKnownFileType = sourcecode.swift; path = Exercise1Feb5App.swift; sourceTree = "<group>"; };
		34CDF3152B718F78006FA2BA /* ContentView.swift */ = {isa = PBXFileReference; lastKnownFileType = sourcecode.swift; path = ContentView.swift; sourceTree = "<group>"; };
		34CDF3172B718F7C006FA2BA /* Assets.xcassets */ = {isa = PBXFileReference; lastKnownFileType = folder.assetcatalog; path = Assets.xcassets; sourceTree = "<group>"; };
		34CDF3192B718F7C006FA2BA /* Exercise1Feb5.entitlements */ = {isa = PBXFileReference; lastKnownFileType = text.plist.entitlements; path = Exercise1Feb5.entitlements; sourceTree = "<group>"; };
		34CDF31B2B718F7C006FA2BA /* Preview Assets.xcassets */ = {isa = PBXFileReference; lastKnownFileType = folder.assetcatalog; path = "Preview Assets.xcassets"; sourceTree = "<group>"; };
		34CDF3212B718F7C006FA2BA /* Exercise1Feb5Tests.xctest */ = {isa = PBXFileReference; explicitFileType = wrapper.cfbundle; includeInIndex = 0; path = Exercise1Feb5Tests.xctest; sourceTree = BUILT_PRODUCTS_DIR; };
		34CDF3252B718F7C006FA2BA /* Exercise1Feb5Tests.swift */ = {isa = PBXFileReference; lastKnownFileType = sourcecode.swift; path = Exercise1Feb5Tests.swift; sourceTree = "<group>"; };
		34CDF32B2B718F7C006FA2BA /* Exercise1Feb5UITests.xctest */ = {isa = PBXFileReference; explicitFileType = wrapper.cfbundle; includeInIndex = 0; path = Exercise1Feb5UITests.xctest; sourceTree = BUILT_PRODUCTS_DIR; };
		34CDF32F2B718F7C006FA2BA /* Exercise1Feb5UITests.swift */ = {isa = PBXFileReference; lastKnownFileType = sourcecode.swift; path = Exercise1Feb5UITests.swift; sourceTree = "<group>"; };
		34CDF3312B718F7C006FA2BA /* Exercise1Feb5UITestsLaunchTests.swift */ = {isa = PBXFileReference; lastKnownFileType = sourcecode.swift; path = Exercise1Feb5UITestsLaunchTests.swift; sourceTree = "<group>"; };
/* End PBXFileReference section */

/* Begin PBXFrameworksBuildPhase section */
		34CDF30D2B718F78006FA2BA /* Frameworks */ = {
			isa = PBXFrameworksBuildPhase;
			buildActionMask = 2147483647;
			files = (
			);
			runOnlyForDeploymentPostprocessing = 0;
		};
		34CDF31E2B718F7C006FA2BA /* Frameworks */ = {
			isa = PBXFrameworksBuildPhase;
			buildActionMask = 2147483647;
			files = (
			);
			runOnlyForDeploymentPostprocessing = 0;
		};
		34CDF3282B718F7C006FA2BA /* Frameworks */ = {
			isa = PBXFrameworksBuildPhase;
			buildActionMask = 2147483647;
			files = (
			);
			runOnlyForDeploymentPostprocessing = 0;
		};
/* End PBXFrameworksBuildPhase section */

/* Begin PBXGroup section */
		34CDF3072B718F78006FA2BA = {
			isa = PBXGroup;
			children = (
				34CDF3122B718F78006FA2BA /* Exercise1Feb5 */,
				34CDF3242B718F7C006FA2BA /* Exercise1Feb5Tests */,
				34CDF32E2B718F7C006FA2BA /* Exercise1Feb5UITests */,
				34CDF3112B718F78006FA2BA /* Products */,
			);
			sourceTree = "<group>";
		};
		34CDF3112B718F78006FA2BA /* Products */ = {
			isa = PBXGroup;
			children = (
				34CDF3102B718F78006FA2BA /* Exercise1Feb5.app */,
				34CDF3212B718F7C006FA2BA /* Exercise1Feb5Tests.xctest */,
				34CDF32B2B718F7C006FA2BA /* Exercise1Feb5UITests.xctest */,
			);
			name = Products;
			sourceTree = "<group>";
		};
		34CDF3122B718F78006FA2BA /* Exercise1Feb5 */ = {
			isa = PBXGroup;
			children = (
				34CDF3132B718F78006FA2BA /* Exercise1Feb5App.swift */,
				34CDF3152B718F78006FA2BA /* ContentView.swift */,
				34CDF3172B718F7C006FA2BA /* Assets.xcassets */,
				34CDF3192B718F7C006FA2BA /* Exercise1Feb5.entitlements */,
				34CDF31A2B718F7C006FA2BA /* Preview Content */,
			);
			path = Exercise1Feb5;
			sourceTree = "<group>";
		};
		34CDF31A2B718F7C006FA2BA /* Preview Content */ = {
			isa = PBXGroup;
			children = (
				34CDF31B2B718F7C006FA2BA /* Preview Assets.xcassets */,
			);
			path = "Preview Content";
			sourceTree = "<group>";
		};
		34CDF3242B718F7C006FA2BA /* Exercise1Feb5Tests */ = {
			isa = PBXGroup;
			children = (
				34CDF3252B718F7C006FA2BA /* Exercise1Feb5Tests.swift */,
			);
			path = Exercise1Feb5Tests;
			sourceTree = "<group>";
		};
		34CDF32E2B718F7C006FA2BA /* Exercise1Feb5UITests */ = {
			isa = PBXGroup;
			children = (
				34CDF32F2B718F7C006FA2BA /* Exercise1Feb5UITests.swift */,
				34CDF3312B718F7C006FA2BA /* Exercise1Feb5UITestsLaunchTests.swift */,
			);
			path = Exercise1Feb5UITests;
			sourceTree = "<group>";
		};
/* End PBXGroup section */

/* Begin PBXNativeTarget section */
		34CDF30F2B718F78006FA2BA /* Exercise1Feb5 */ = {
			isa = PBXNativeTarget;
			buildConfigurationList = 34CDF3352B718F7C006FA2BA /* Build configuration list for PBXNativeTarget "Exercise1Feb5" */;
			buildPhases = (
				34CDF30C2B718F78006FA2BA /* Sources */,
				34CDF30D2B718F78006FA2BA /* Frameworks */,
				34CDF30E2B718F78006FA2BA /* Resources */,
			);
			buildRules = (
			);
			dependencies = (
			);
			name = Exercise1Feb5;
			productName = Exercise1Feb5;
			productReference = 34CDF3102B718F78006FA2BA /* Exercise1Feb5.app */;
			productType = "com.apple.product-type.application";
		};
		34CDF3202B718F7C006FA2BA /* Exercise1Feb5Tests */ = {
			isa = PBXNativeTarget;
			buildConfigurationList = 34CDF3382B718F7C006FA2BA /* Build configuration list for PBXNativeTarget "Exercise1Feb5Tests" */;
			buildPhases = (
				34CDF31D2B718F7C006FA2BA /* Sources */,
				34CDF31E2B718F7C006FA2BA /* Frameworks */,
				34CDF31F2B718F7C006FA2BA /* Resources */,
			);
			buildRules = (
			);
			dependencies = (
				34CDF3232B718F7C006FA2BA /* PBXTargetDependency */,
			);
			name = Exercise1Feb5Tests;
			productName = Exercise1Feb5Tests;
			productReference = 34CDF3212B718F7C006FA2BA /* Exercise1Feb5Tests.xctest */;
			productType = "com.apple.product-type.bundle.unit-test";
		};
		34CDF32A2B718F7C006FA2BA /* Exercise1Feb5UITests */ = {
			isa = PBXNativeTarget;
			buildConfigurationList = 34CDF33B2B718F7C006FA2BA /* Build configuration list for PBXNativeTarget "Exercise1Feb5UITests" */;
			buildPhases = (
				34CDF3272B718F7C006FA2BA /* Sources */,
				34CDF3282B718F7C006FA2BA /* Frameworks */,
				34CDF3292B718F7C006FA2BA /* Resources */,
			);
			buildRules = (
			);
			dependencies = (
				34CDF32D2B718F7C006FA2BA /* PBXTargetDependency */,
			);
			name = Exercise1Feb5UITests;
			productName = Exercise1Feb5UITests;
			productReference = 34CDF32B2B718F7C006FA2BA /* Exercise1Feb5UITests.xctest */;
			productType = "com.apple.product-type.bundle.ui-testing";
		};
/* End PBXNativeTarget section */

/* Begin PBXProject section */
		34CDF3082B718F78006FA2BA /* Project object */ = {
			isa = PBXProject;
			attributes = {
				BuildIndependentTargetsInParallel = 1;
				LastSwiftUpdateCheck = 1520;
				LastUpgradeCheck = 1520;
				TargetAttributes = {
					34CDF30F2B718F78006FA2BA = {
						CreatedOnToolsVersion = 15.2;
					};
					34CDF3202B718F7C006FA2BA = {
						CreatedOnToolsVersion = 15.2;
						TestTargetID = 34CDF30F2B718F78006FA2BA;
					};
					34CDF32A2B718F7C006FA2BA = {
						CreatedOnToolsVersion = 15.2;
						TestTargetID = 34CDF30F2B718F78006FA2BA;
					};
				};
			};
			buildConfigurationList = 34CDF30B2B718F78006FA2BA /* Build configuration list for PBXProject "Exercise1Feb5" */;
			compatibilityVersion = "Xcode 14.0";
			developmentRegion = en;
			hasScannedForEncodings = 0;
			knownRegions = (
				en,
				Base,
			);
			mainGroup = 34CDF3072B718F78006FA2BA;
			productRefGroup = 34CDF3112B718F78006FA2BA /* Products */;
			projectDirPath = "";
			projectRoot = "";
			targets = (
				34CDF30F2B718F78006FA2BA /* Exercise1Feb5 */,
				34CDF3202B718F7C006FA2BA /* Exercise1Feb5Tests */,
				34CDF32A2B718F7C006FA2BA /* Exercise1Feb5UITests */,
			);
		};
/* End PBXProject section */

/* Begin PBXResourcesBuildPhase section */
		34CDF30E2B718F78006FA2BA /* Resources */ = {
			isa = PBXResourcesBuildPhase;
			buildActionMask = 2147483647;
			files = (
				34CDF31C2B718F7C006FA2BA /* Preview Assets.xcassets in Resources */,
				34CDF3182B718F7C006FA2BA /* Assets.xcassets in Resources */,
			);
			runOnlyForDeploymentPostprocessing = 0;
		};
		34CDF31F2B718F7C006FA2BA /* Resources */ = {
			isa = PBXResourcesBuildPhase;
			buildActionMask = 2147483647;
			files = (
			);
			runOnlyForDeploymentPostprocessing = 0;
		};
		34CDF3292B718F7C006FA2BA /* Resources */ = {
			isa = PBXResourcesBuildPhase;
			buildActionMask = 2147483647;
			files = (
			);
			runOnlyForDeploymentPostprocessing = 0;
		};
/* End PBXResourcesBuildPhase section */

/* Begin PBXSourcesBuildPhase section */
		34CDF30C2B718F78006FA2BA /* Sources */ = {
			isa = PBXSourcesBuildPhase;
			buildActionMask = 2147483647;
			files = (
				34CDF3162B718F78006FA2BA /* ContentView.swift in Sources */,
				34CDF3142B718F78006FA2BA /* Exercise1Feb5App.swift in Sources */,
			);
			runOnlyForDeploymentPostprocessing = 0;
		};
		34CDF31D2B718F7C006FA2BA /* Sources */ = {
			isa = PBXSourcesBuildPhase;
			buildActionMask = 2147483647;
			files = (
				34CDF3262B718F7C006FA2BA /* Exercise1Feb5Tests.swift in Sources */,
			);
			runOnlyForDeploymentPostprocessing = 0;
		};
		34CDF3272B718F7C006FA2BA /* Sources */ = {
			isa = PBXSourcesBuildPhase;
			buildActionMask = 2147483647;
			files = (
				34CDF3322B718F7C006FA2BA /* Exercise1Feb5UITestsLaunchTests.swift in Sources */,
				34CDF3302B718F7C006FA2BA /* Exercise1Feb5UITests.swift in Sources */,
			);
			runOnlyForDeploymentPostprocessing = 0;
		};
/* End PBXSourcesBuildPhase section */

/* Begin PBXTargetDependency section */
		34CDF3232B718F7C006FA2BA /* PBXTargetDependency */ = {
			isa = PBXTargetDependency;
			target = 34CDF30F2B718F78006FA2BA /* Exercise1Feb5 */;
			targetProxy = 34CDF3222B718F7C006FA2BA /* PBXContainerItemProxy */;
		};
		34CDF32D2B718F7C006FA2BA /* PBXTargetDependency */ = {
			isa = PBXTargetDependency;
			target = 34CDF30F2B718F78006FA2BA /* Exercise1Feb5 */;
			targetProxy = 34CDF32C2B718F7C006FA2BA /* PBXContainerItemProxy */;
		};
/* End PBXTargetDependency section */

/* Begin XCBuildConfiguration section */
		34CDF3332B718F7C006FA2BA /* Debug */ = {
			isa = XCBuildConfiguration;
			buildSettings = {
				ALWAYS_SEARCH_USER_PATHS = NO;
				ASSETCATALOG_COMPILER_GENERATE_SWIFT_ASSET_SYMBOL_EXTENSIONS = YES;
				CLANG_ANALYZER_NONNULL = YES;
				CLANG_ANALYZER_NUMBER_OBJECT_CONVERSION = YES_AGGRESSIVE;
				CLANG_CXX_LANGUAGE_STANDARD = "gnu++20";
				CLANG_ENABLE_MODULES = YES;
				CLANG_ENABLE_OBJC_ARC = YES;
				CLANG_ENABLE_OBJC_WEAK = YES;
				CLANG_WARN_BLOCK_CAPTURE_AUTORELEASING = YES;
				CLANG_WARN_BOOL_CONVERSION = YES;
				CLANG_WARN_COMMA = YES;
				CLANG_WARN_CONSTANT_CONVERSION = YES;
				CLANG_WARN_DEPRECATED_OBJC_IMPLEMENTATIONS = YES;
				CLANG_WARN_DIRECT_OBJC_ISA_USAGE = YES_ERROR;
				CLANG_WARN_DOCUMENTATION_COMMENTS = YES;
				CLANG_WARN_EMPTY_BODY = YES;
				CLANG_WARN_ENUM_CONVERSION = YES;
				CLANG_WARN_INFINITE_RECURSION = YES;
				CLANG_WARN_INT_CONVERSION = YES;
				CLANG_WARN_NON_LITERAL_NULL_CONVERSION = YES;
				CLANG_WARN_OBJC_IMPLICIT_RETAIN_SELF = YES;
				CLANG_WARN_OBJC_LITERAL_CONVERSION = YES;
				CLANG_WARN_OBJC_ROOT_CLASS = YES_ERROR;
				CLANG_WARN_QUOTED_INCLUDE_IN_FRAMEWORK_HEADER = YES;
				CLANG_WARN_RANGE_LOOP_ANALYSIS = YES;
				CLANG_WARN_STRICT_PROTOTYPES = YES;
				CLANG_WARN_SUSPICIOUS_MOVE = YES;
				CLANG_WARN_UNGUARDED_AVAILABILITY = YES_AGGRESSIVE;
				CLANG_WARN_UNREACHABLE_CODE = YES;
				CLANG_WARN__DUPLICATE_METHOD_MATCH = YES;
				COPY_PHASE_STRIP = NO;
				DEBUG_INFORMATION_FORMAT = dwarf;
				ENABLE_STRICT_OBJC_MSGSEND = YES;
				ENABLE_TESTABILITY = YES;
				ENABLE_USER_SCRIPT_SANDBOXING = YES;
				GCC_C_LANGUAGE_STANDARD = gnu17;
				GCC_DYNAMIC_NO_PIC = NO;
				GCC_NO_COMMON_BLOCKS = YES;
				GCC_OPTIMIZATION_LEVEL = 0;
				GCC_PREPROCESSOR_DEFINITIONS = (
					"DEBUG=1",
					"$(inherited)",
				);
				GCC_WARN_64_TO_32_BIT_CONVERSION = YES;
				GCC_WARN_ABOUT_RETURN_TYPE = YES_ERROR;
				GCC_WARN_UNDECLARED_SELECTOR = YES;
				GCC_WARN_UNINITIALIZED_AUTOS = YES_AGGRESSIVE;
				GCC_WARN_UNUSED_FUNCTION = YES;
				GCC_WARN_UNUSED_VARIABLE = YES;
				LOCALIZATION_PREFERS_STRING_CATALOGS = YES;
				MTL_ENABLE_DEBUG_INFO = INCLUDE_SOURCE;
				MTL_FAST_MATH = YES;
				ONLY_ACTIVE_ARCH = YES;
				SWIFT_ACTIVE_COMPILATION_CONDITIONS = "DEBUG $(inherited)";
				SWIFT_OPTIMIZATION_LEVEL = "-Onone";
			};
			name = Debug;
		};
		34CDF3342B718F7C006FA2BA /* Release */ = {
			isa = XCBuildConfiguration;
			buildSettings = {
				ALWAYS_SEARCH_USER_PATHS = NO;
				ASSETCATALOG_COMPILER_GENERATE_SWIFT_ASSET_SYMBOL_EXTENSIONS = YES;
				CLANG_ANALYZER_NONNULL = YES;
				CLANG_ANALYZER_NUMBER_OBJECT_CONVERSION = YES_AGGRESSIVE;
				CLANG_CXX_LANGUAGE_STANDARD = "gnu++20";
				CLANG_ENABLE_MODULES = YES;
				CLANG_ENABLE_OBJC_ARC = YES;
				CLANG_ENABLE_OBJC_WEAK = YES;
				CLANG_WARN_BLOCK_CAPTURE_AUTORELEASING = YES;
				CLANG_WARN_BOOL_CONVERSION = YES;
				CLANG_WARN_COMMA = YES;
				CLANG_WARN_CONSTANT_CONVERSION = YES;
				CLANG_WARN_DEPRECATED_OBJC_IMPLEMENTATIONS = YES;
				CLANG_WARN_DIRECT_OBJC_ISA_USAGE = YES_ERROR;
				CLANG_WARN_DOCUMENTATION_COMMENTS = YES;
				CLANG_WARN_EMPTY_BODY = YES;
				CLANG_WARN_ENUM_CONVERSION = YES;
				CLANG_WARN_INFINITE_RECURSION = YES;
				CLANG_WARN_INT_CONVERSION = YES;
				CLANG_WARN_NON_LITERAL_NULL_CONVERSION = YES;
				CLANG_WARN_OBJC_IMPLICIT_RETAIN_SELF = YES;
				CLANG_WARN_OBJC_LITERAL_CONVERSION = YES;
				CLANG_WARN_OBJC_ROOT_CLASS = YES_ERROR;
				CLANG_WARN_QUOTED_INCLUDE_IN_FRAMEWORK_HEADER = YES;
				CLANG_WARN_RANGE_LOOP_ANALYSIS = YES;
				CLANG_WARN_STRICT_PROTOTYPES = YES;
				CLANG_WARN_SUSPICIOUS_MOVE = YES;
				CLANG_WARN_UNGUARDED_AVAILABILITY = YES_AGGRESSIVE;
				CLANG_WARN_UNREACHABLE_CODE = YES;
				CLANG_WARN__DUPLICATE_METHOD_MATCH = YES;
				COPY_PHASE_STRIP = NO;
				DEBUG_INFORMATION_FORMAT = "dwarf-with-dsym";
				ENABLE_NS_ASSERTIONS = NO;
				ENABLE_STRICT_OBJC_MSGSEND = YES;
				ENABLE_USER_SCRIPT_SANDBOXING = YES;
				GCC_C_LANGUAGE_STANDARD = gnu17;
				GCC_NO_COMMON_BLOCKS = YES;
				GCC_WARN_64_TO_32_BIT_CONVERSION = YES;
				GCC_WARN_ABOUT_RETURN_TYPE = YES_ERROR;
				GCC_WARN_UNDECLARED_SELECTOR = YES;
				GCC_WARN_UNINITIALIZED_AUTOS = YES_AGGRESSIVE;
				GCC_WARN_UNUSED_FUNCTION = YES;
				GCC_WARN_UNUSED_VARIABLE = YES;
				LOCALIZATION_PREFERS_STRING_CATALOGS = YES;
				MTL_ENABLE_DEBUG_INFO = NO;
				MTL_FAST_MATH = YES;
				SWIFT_COMPILATION_MODE = wholemodule;
			};
			name = Release;
		};
		34CDF3362B718F7C006FA2BA /* Debug */ = {
			isa = XCBuildConfiguration;
			buildSettings = {
				ASSETCATALOG_COMPILER_APPICON_NAME = AppIcon;
				ASSETCATALOG_COMPILER_GLOBAL_ACCENT_COLOR_NAME = AccentColor;
				CODE_SIGN_ENTITLEMENTS = Exercise1Feb5/Exercise1Feb5.entitlements;
				CODE_SIGN_STYLE = Automatic;
				CURRENT_PROJECT_VERSION = 1;
				DEVELOPMENT_ASSET_PATHS = "\"Exercise1Feb5/Preview Content\"";
				DEVELOPMENT_TEAM = YJMSYB4D3U;
				ENABLE_HARDENED_RUNTIME = YES;
				ENABLE_PREVIEWS = YES;
				GENERATE_INFOPLIST_FILE = YES;
				"INFOPLIST_KEY_UIApplicationSceneManifest_Generation[sdk=iphoneos*]" = YES;
				"INFOPLIST_KEY_UIApplicationSceneManifest_Generation[sdk=iphonesimulator*]" = YES;
				"INFOPLIST_KEY_UIApplicationSupportsIndirectInputEvents[sdk=iphoneos*]" = YES;
				"INFOPLIST_KEY_UIApplicationSupportsIndirectInputEvents[sdk=iphonesimulator*]" = YES;
				"INFOPLIST_KEY_UILaunchScreen_Generation[sdk=iphoneos*]" = YES;
				"INFOPLIST_KEY_UILaunchScreen_Generation[sdk=iphonesimulator*]" = YES;
				"INFOPLIST_KEY_UIStatusBarStyle[sdk=iphoneos*]" = UIStatusBarStyleDefault;
				"INFOPLIST_KEY_UIStatusBarStyle[sdk=iphonesimulator*]" = UIStatusBarStyleDefault;
				INFOPLIST_KEY_UISupportedInterfaceOrientations_iPad = "UIInterfaceOrientationPortrait UIInterfaceOrientationPortraitUpsideDown UIInterfaceOrientationLandscapeLeft UIInterfaceOrientationLandscapeRight";
				INFOPLIST_KEY_UISupportedInterfaceOrientations_iPhone = "UIInterfaceOrientationPortrait UIInterfaceOrientationLandscapeLeft UIInterfaceOrientationLandscapeRight";
				IPHONEOS_DEPLOYMENT_TARGET = 17.2;
				LD_RUNPATH_SEARCH_PATHS = "@executable_path/Frameworks";
				"LD_RUNPATH_SEARCH_PATHS[sdk=macosx*]" = "@executable_path/../Frameworks";
				MACOSX_DEPLOYMENT_TARGET = 14.2;
				MARKETING_VERSION = 1.0;
				PRODUCT_BUNDLE_IDENTIFIER = "Vishal-narra.Exercise1Feb5";
				PRODUCT_NAME = "$(TARGET_NAME)";
				SDKROOT = auto;
				SUPPORTED_PLATFORMS = "iphoneos iphonesimulator macosx";
				SWIFT_EMIT_LOC_STRINGS = YES;
				SWIFT_VERSION = 5.0;
				TARGETED_DEVICE_FAMILY = "1,2";
			};
			name = Debug;
		};
		34CDF3372B718F7C006FA2BA /* Release */ = {
			isa = XCBuildConfiguration;
			buildSettings = {
				ASSETCATALOG_COMPILER_APPICON_NAME = AppIcon;
				ASSETCATALOG_COMPILER_GLOBAL_ACCENT_COLOR_NAME = AccentColor;
				CODE_SIGN_ENTITLEMENTS = Exercise1Feb5/Exercise1Feb5.entitlements;
				CODE_SIGN_STYLE = Automatic;
				CURRENT_PROJECT_VERSION = 1;
				DEVELOPMENT_ASSET_PATHS = "\"Exercise1Feb5/Preview Content\"";
				DEVELOPMENT_TEAM = YJMSYB4D3U;
				ENABLE_HARDENED_RUNTIME = YES;
				ENABLE_PREVIEWS = YES;
				GENERATE_INFOPLIST_FILE = YES;
				"INFOPLIST_KEY_UIApplicationSceneManifest_Generation[sdk=iphoneos*]" = YES;
				"INFOPLIST_KEY_UIApplicationSceneManifest_Generation[sdk=iphonesimulator*]" = YES;
				"INFOPLIST_KEY_UIApplicationSupportsIndirectInputEvents[sdk=iphoneos*]" = YES;
				"INFOPLIST_KEY_UIApplicationSupportsIndirectInputEvents[sdk=iphonesimulator*]" = YES;
				"INFOPLIST_KEY_UILaunchScreen_Generation[sdk=iphoneos*]" = YES;
				"INFOPLIST_KEY_UILaunchScreen_Generation[sdk=iphonesimulator*]" = YES;
				"INFOPLIST_KEY_UIStatusBarStyle[sdk=iphoneos*]" = UIStatusBarStyleDefault;
				"INFOPLIST_KEY_UIStatusBarStyle[sdk=iphonesimulator*]" = UIStatusBarStyleDefault;
				INFOPLIST_KEY_UISupportedInterfaceOrientations_iPad = "UIInterfaceOrientationPortrait UIInterfaceOrientationPortraitUpsideDown UIInterfaceOrientationLandscapeLeft UIInterfaceOrientationLandscapeRight";
				INFOPLIST_KEY_UISupportedInterfaceOrientations_iPhone = "UIInterfaceOrientationPortrait UIInterfaceOrientationLandscapeLeft UIInterfaceOrientationLandscapeRight";
				IPHONEOS_DEPLOYMENT_TARGET = 17.2;
				LD_RUNPATH_SEARCH_PATHS = "@executable_path/Frameworks";
				"LD_RUNPATH_SEARCH_PATHS[sdk=macosx*]" = "@executable_path/../Frameworks";
				MACOSX_DEPLOYMENT_TARGET = 14.2;
				MARKETING_VERSION = 1.0;
				PRODUCT_BUNDLE_IDENTIFIER = "Vishal-narra.Exercise1Feb5";
				PRODUCT_NAME = "$(TARGET_NAME)";
				SDKROOT = auto;
				SUPPORTED_PLATFORMS = "iphoneos iphonesimulator macosx";
				SWIFT_EMIT_LOC_STRINGS = YES;
				SWIFT_VERSION = 5.0;
				TARGETED_DEVICE_FAMILY = "1,2";
			};
			name = Release;
		};
		34CDF3392B718F7C006FA2BA /* Debug */ = {
			isa = XCBuildConfiguration;
			buildSettings = {
				ALWAYS_EMBED_SWIFT_STANDARD_LIBRARIES = YES;
				BUNDLE_LOADER = "$(TEST_HOST)";
				CODE_SIGN_STYLE = Automatic;
				CURRENT_PROJECT_VERSION = 1;
				DEVELOPMENT_TEAM = YJMSYB4D3U;
				GENERATE_INFOPLIST_FILE = YES;
				IPHONEOS_DEPLOYMENT_TARGET = 17.2;
				MACOSX_DEPLOYMENT_TARGET = 14.2;
				MARKETING_VERSION = 1.0;
				PRODUCT_BUNDLE_IDENTIFIER = "Vishal-narra.Exercise1Feb5Tests";
				PRODUCT_NAME = "$(TARGET_NAME)";
				SDKROOT = auto;
				SUPPORTED_PLATFORMS = "iphoneos iphonesimulator macosx";
				SWIFT_EMIT_LOC_STRINGS = NO;
				SWIFT_VERSION = 5.0;
				TARGETED_DEVICE_FAMILY = "1,2";
				TEST_HOST = "$(BUILT_PRODUCTS_DIR)/Exercise1Feb5.app/$(BUNDLE_EXECUTABLE_FOLDER_PATH)/Exercise1Feb5";
			};
			name = Debug;
		};
		34CDF33A2B718F7C006FA2BA /* Release */ = {
			isa = XCBuildConfiguration;
			buildSettings = {
				ALWAYS_EMBED_SWIFT_STANDARD_LIBRARIES = YES;
				BUNDLE_LOADER = "$(TEST_HOST)";
				CODE_SIGN_STYLE = Automatic;
				CURRENT_PROJECT_VERSION = 1;
				DEVELOPMENT_TEAM = YJMSYB4D3U;
				GENERATE_INFOPLIST_FILE = YES;
				IPHONEOS_DEPLOYMENT_TARGET = 17.2;
				MACOSX_DEPLOYMENT_TARGET = 14.2;
				MARKETING_VERSION = 1.0;
				PRODUCT_BUNDLE_IDENTIFIER = "Vishal-narra.Exercise1Feb5Tests";
				PRODUCT_NAME = "$(TARGET_NAME)";
				SDKROOT = auto;
				SUPPORTED_PLATFORMS = "iphoneos iphonesimulator macosx";
				SWIFT_EMIT_LOC_STRINGS = NO;
				SWIFT_VERSION = 5.0;
				TARGETED_DEVICE_FAMILY = "1,2";
				TEST_HOST = "$(BUILT_PRODUCTS_DIR)/Exercise1Feb5.app/$(BUNDLE_EXECUTABLE_FOLDER_PATH)/Exercise1Feb5";
			};
			name = Release;
		};
		34CDF33C2B718F7C006FA2BA /* Debug */ = {
			isa = XCBuildConfiguration;
			buildSettings = {
				ALWAYS_EMBED_SWIFT_STANDARD_LIBRARIES = YES;
				CODE_SIGN_STYLE = Automatic;
				CURRENT_PROJECT_VERSION = 1;
				DEVELOPMENT_TEAM = YJMSYB4D3U;
				GENERATE_INFOPLIST_FILE = YES;
				IPHONEOS_DEPLOYMENT_TARGET = 17.2;
				MACOSX_DEPLOYMENT_TARGET = 14.2;
				MARKETING_VERSION = 1.0;
				PRODUCT_BUNDLE_IDENTIFIER = "Vishal-narra.Exercise1Feb5UITests";
				PRODUCT_NAME = "$(TARGET_NAME)";
				SDKROOT = auto;
				SUPPORTED_PLATFORMS = "iphoneos iphonesimulator macosx";
				SWIFT_EMIT_LOC_STRINGS = NO;
				SWIFT_VERSION = 5.0;
				TARGETED_DEVICE_FAMILY = "1,2";
				TEST_TARGET_NAME = Exercise1Feb5;
			};
			name = Debug;
		};
		34CDF33D2B718F7C006FA2BA /* Release */ = {
			isa = XCBuildConfiguration;
			buildSettings = {
				ALWAYS_EMBED_SWIFT_STANDARD_LIBRARIES = YES;
				CODE_SIGN_STYLE = Automatic;
				CURRENT_PROJECT_VERSION = 1;
				DEVELOPMENT_TEAM = YJMSYB4D3U;
				GENERATE_INFOPLIST_FILE = YES;
				IPHONEOS_DEPLOYMENT_TARGET = 17.2;
				MACOSX_DEPLOYMENT_TARGET = 14.2;
				MARKETING_VERSION = 1.0;
				PRODUCT_BUNDLE_IDENTIFIER = "Vishal-narra.Exercise1Feb5UITests";
				PRODUCT_NAME = "$(TARGET_NAME)";
				SDKROOT = auto;
				SUPPORTED_PLATFORMS = "iphoneos iphonesimulator macosx";
				SWIFT_EMIT_LOC_STRINGS = NO;
				SWIFT_VERSION = 5.0;
				TARGETED_DEVICE_FAMILY = "1,2";
				TEST_TARGET_NAME = Exercise1Feb5;
			};
			name = Release;
		};
/* End XCBuildConfiguration section */

/* Begin XCConfigurationList section */
		34CDF30B2B718F78006FA2BA /* Build configuration list for PBXProject "Exercise1Feb5" */ = {
			isa = XCConfigurationList;
			buildConfigurations = (
				34CDF3332B718F7C006FA2BA /* Debug */,
				34CDF3342B718F7C006FA2BA /* Release */,
			);
			defaultConfigurationIsVisible = 0;
			defaultConfigurationName = Release;
		};
		34CDF3352B718F7C006FA2BA /* Build configuration list for PBXNativeTarget "Exercise1Feb5" */ = {
			isa = XCConfigurationList;
			buildConfigurations = (
				34CDF3362B718F7C006FA2BA /* Debug */,
				34CDF3372B718F7C006FA2BA /* Release */,
			);
			defaultConfigurationIsVisible = 0;
			defaultConfigurationName = Release;
		};
		34CDF3382B718F7C006FA2BA /* Build configuration list for PBXNativeTarget "Exercise1Feb5Tests" */ = {
			isa = XCConfigurationList;
			buildConfigurations = (
				34CDF3392B718F7C006FA2BA /* Debug */,
				34CDF33A2B718F7C006FA2BA /* Release */,
			);
			defaultConfigurationIsVisible = 0;
			defaultConfigurationName = Release;
		};
		34CDF33B2B718F7C006FA2BA /* Build configuration list for PBXNativeTarget "Exercise1Feb5UITests" */ = {
			isa = XCConfigurationList;
			buildConfigurations = (
				34CDF33C2B718F7C006FA2BA /* Debug */,
				34CDF33D2B718F7C006FA2BA /* Release */,
			);
			defaultConfigurationIsVisible = 0;
			defaultConfigurationName = Release;
		};
/* End XCConfigurationList section */
	};
	rootObject = 34CDF3082B718F78006FA2BA /* Project object */;
}
